
Microsoft Visual Studio Solution File, Format Version 12.00
# Visual Studio Version 16
VisualStudioVersion = 16.0.30717.126
MinimumVisualStudioVersion = 10.0.40219.1
Project("{FAE04EC0-301F-11D3-BF4B-00C04F79EFBC}") = "MoneyMaker", "MoneyMaker.csproj", "{8F927F5A-EE3C-43F5-965A-7DC2E8273497}"
EndProject
Global
	GlobalSection(SolutionConfigurationPlatforms) = preSolution
		Debug|Any CPU = Debug|Any CPU
		Release|Any CPU = Release|Any CPU
	EndGlobalSection
	GlobalSection(ProjectConfigurationPlatforms) = postSolution
		{8F927F5A-EE3C-43F5-965A-7DC2E8273497}.Debug|Any CPU.ActiveCfg = Debug|Any CPU
		{8F927F5A-EE3C-43F5-965A-7DC2E8273497}.Debug|Any CPU.Build.0 = Debug|Any CPU
		{8F927F5A-EE3C-43F5-965A-7DC2E8273497}.Release|Any CPU.ActiveCfg = Release|Any CPU
		{8F927F5A-EE3C-43F5-965A-7DC2E8273497}.Release|Any CPU.Build.0 = Release|Any CPU
	EndGlobalSection
	GlobalSection(SolutionProperties) = preSolution
		HideSolutionNode = FALSE
	EndGlobalSection
	GlobalSection(ExtensibilityGlobals) = postSolution
		SolutionGuid = {8A3DBC53-6460-460A-A821-F00A2EC1F9F1}
	EndGlobalSection
EndGlobal
